
Microsoft Visual Studio Solution File, Format Version 12.00
# Visual Studio Version 17
VisualStudioVersion = 17.7.34031.279
MinimumVisualStudioVersion = 10.0.40219.1
Project("{FAE04EC0-301F-11D3-BF4B-00C04F79EFBC}") = "ConsoleApp1", "ConsoleApp1\ConsoleApp1.csproj", "{B91CD797-56E4-4E22-8D47-E03AF99E9542}"
EndProject
Global
	GlobalSection(SolutionConfigurationPlatforms) = preSolution
		Debug|Any CPU = Debug|Any CPU
		Release|Any CPU = Release|Any CPU
	EndGlobalSection
	GlobalSection(ProjectConfigurationPlatforms) = postSolution
		{B91CD797-56E4-4E22-8D47-E03AF99E9542}.Debug|Any CPU.ActiveCfg = Debug|Any CPU
		{B91CD797-56E4-4E22-8D47-E03AF99E9542}.Debug|Any CPU.Build.0 = Debug|Any CPU
		{B91CD797-56E4-4E22-8D47-E03AF99E9542}.Release|Any CPU.ActiveCfg = Release|Any CPU
		{B91CD797-56E4-4E22-8D47-E03AF99E9542}.Release|Any CPU.Build.0 = Release|Any CPU
	EndGlobalSection
	GlobalSection(SolutionProperties) = preSolution
		HideSolutionNode = FALSE
	EndGlobalSection
	GlobalSection(ExtensibilityGlobals) = postSolution
		SolutionGuid = {4618E058-984C-4E66-ACAE-FE3300C5A3DF}
	EndGlobalSection
EndGlobal
